
Microsoft Visual Studio Solution File, Format Version 12.00
# Visual Studio Version 16
VisualStudioVersion = 16.0.29806.167
MinimumVisualStudioVersion = 10.0.40219.1
Project("{FAE04EC0-301F-11D3-BF4B-00C04F79EFBC}") = "equivalencia de automatas", "equivalencia de automatas\equivalencia de automatas.csproj", "{BE04CBA5-2E57-43B7-89B8-B3A093DEB7D3}"
EndProject
Global
	GlobalSection(SolutionConfigurationPlatforms) = preSolution
		Debug|Any CPU = Debug|Any CPU
		Release|Any CPU = Release|Any CPU
	EndGlobalSection
	GlobalSection(ProjectConfigurationPlatforms) = postSolution
		{BE04CBA5-2E57-43B7-89B8-B3A093DEB7D3}.Debug|Any CPU.ActiveCfg = Debug|Any CPU
		{BE04CBA5-2E57-43B7-89B8-B3A093DEB7D3}.Debug|Any CPU.Build.0 = Debug|Any CPU
		{BE04CBA5-2E57-43B7-89B8-B3A093DEB7D3}.Release|Any CPU.ActiveCfg = Release|Any CPU
		{BE04CBA5-2E57-43B7-89B8-B3A093DEB7D3}.Release|Any CPU.Build.0 = Release|Any CPU
	EndGlobalSection
	GlobalSection(SolutionProperties) = preSolution
		HideSolutionNode = FALSE
	EndGlobalSection
	GlobalSection(ExtensibilityGlobals) = postSolution
		SolutionGuid = {7AD33F89-7DB8-438D-B2FD-6249576A8B18}
	EndGlobalSection
EndGlobal
